
Microsoft Visual Studio Solution File, Format Version 12.00
# Visual Studio Version 16
VisualStudioVersion = 16.0.29424.173
MinimumVisualStudioVersion = 10.0.40219.1
Project("{FAE04EC0-301F-11D3-BF4B-00C04F79EFBC}") = "Encryption.Android", "Encryption\Encryption.Android\Encryption.Android.csproj", "{6A54B5F5-80B9-4629-A6F3-74A67F5C87FF}"
EndProject
Project("{FAE04EC0-301F-11D3-BF4B-00C04F79EFBC}") = "Encryption", "Encryption\Encryption\Encryption.csproj", "{6D3C5409-A1EF-44D5-8FDC-C1329F2134D3}"
EndProject
Global
	GlobalSection(SolutionConfigurationPlatforms) = preSolution
		Debug|Any CPU = Debug|Any CPU
		Release|Any CPU = Release|Any CPU
	EndGlobalSection
	GlobalSection(ProjectConfigurationPlatforms) = postSolution
		{6A54B5F5-80B9-4629-A6F3-74A67F5C87FF}.Debug|Any CPU.ActiveCfg = Debug|Any CPU
		{6A54B5F5-80B9-4629-A6F3-74A67F5C87FF}.Debug|Any CPU.Build.0 = Debug|Any CPU
		{6A54B5F5-80B9-4629-A6F3-74A67F5C87FF}.Debug|Any CPU.Deploy.0 = Debug|Any CPU
		{6A54B5F5-80B9-4629-A6F3-74A67F5C87FF}.Release|Any CPU.ActiveCfg = Release|Any CPU
		{6A54B5F5-80B9-4629-A6F3-74A67F5C87FF}.Release|Any CPU.Build.0 = Release|Any CPU
		{6A54B5F5-80B9-4629-A6F3-74A67F5C87FF}.Release|Any CPU.Deploy.0 = Release|Any CPU
		{6D3C5409-A1EF-44D5-8FDC-C1329F2134D3}.Debug|Any CPU.ActiveCfg = Debug|Any CPU
		{6D3C5409-A1EF-44D5-8FDC-C1329F2134D3}.Debug|Any CPU.Build.0 = Debug|Any CPU
		{6D3C5409-A1EF-44D5-8FDC-C1329F2134D3}.Debug|Any CPU.Deploy.0 = Debug|Any CPU
		{6D3C5409-A1EF-44D5-8FDC-C1329F2134D3}.Release|Any CPU.ActiveCfg = Release|Any CPU
		{6D3C5409-A1EF-44D5-8FDC-C1329F2134D3}.Release|Any CPU.Build.0 = Release|Any CPU
		{6D3C5409-A1EF-44D5-8FDC-C1329F2134D3}.Release|Any CPU.Deploy.0 = Release|Any CPU
	EndGlobalSection
	GlobalSection(SolutionProperties) = preSolution
		HideSolutionNode = FALSE
	EndGlobalSection
	GlobalSection(ExtensibilityGlobals) = postSolution
		SolutionGuid = {7F31E7FC-BBBB-4761-8592-1D0192E9F244}
	EndGlobalSection
EndGlobal
